
Microsoft Visual Studio Solution File, Format Version 11.00
# Visual Studio 2010
Project("{FAE04EC0-301F-11D3-BF4B-00C04F79EFBC}") = "JogoPlantinha 2", "Assembly-CSharp.csproj", "{774286E9-B8F2-6F8E-DFB0-16CA4B60622A}"
EndProject
Global
	GlobalSection(SolutionConfigurationPlatforms) = preSolution
		Debug|Any CPU = Debug|Any CPU
		Release|Any CPU = Release|Any CPU
	EndGlobalSection
	GlobalSection(ProjectConfigurationPlatforms) = postSolution
		{774286E9-B8F2-6F8E-DFB0-16CA4B60622A}.Debug|Any CPU.ActiveCfg = Debug|Any CPU
		{774286E9-B8F2-6F8E-DFB0-16CA4B60622A}.Debug|Any CPU.Build.0 = Debug|Any CPU
		{774286E9-B8F2-6F8E-DFB0-16CA4B60622A}.Release|Any CPU.ActiveCfg = Release|Any CPU
		{774286E9-B8F2-6F8E-DFB0-16CA4B60622A}.Release|Any CPU.Build.0 = Release|Any CPU
	EndGlobalSection
	GlobalSection(SolutionProperties) = preSolution
		HideSolutionNode = FALSE
	EndGlobalSection
	GlobalSection(MonoDevelopProperties) = preSolution
		StartupItem = Assembly-CSharp.csproj
	EndGlobalSection
EndGlobal
